
Microsoft Visual Studio Solution File, Format Version 12.00
# Visual Studio Version 17
VisualStudioVersion = 17.0.31903.59
MinimumVisualStudioVersion = 10.0.40219.1
Project("{9A19103F-16F7-4668-BE54-9A1E7A4F7556}") = "Domain", "src\Domain\Domain.csproj", "{B8C6F8A1-5D4A-4E2B-9C1F-8A3B2C9D0E1F}"
EndProject
Project("{9A19103F-16F7-4668-BE54-9A1E7A4F7556}") = "Application", "src\Application\Application.csproj", "{C9D7F9B2-6E5B-5F3C-0D2A-9B4C3D0E1F2A}"
EndProject
Project("{9A19103F-16F7-4668-BE54-9A1E7A4F7556}") = "Infrastructure", "src\Infrastructure\Infrastructure.csproj", "{D0E8A0C3-7F6C-6A4D-1E3B-0C5D4E1F2A3B}"
EndProject
Project("{9A19103F-16F7-4668-BE54-9A1E7A4F7556}") = "API", "src\API\API.csproj", "{E1F9B1D4-8A7D-7B5E-2F4C-1D6E5F2A3B4C}"
EndProject
Project("{2150E333-8FDC-42A3-9474-1A3956D46DE8}") = "tests", "tests", "{0AB3BF05-4346-4AA6-1389-037BE0695223}"
EndProject
Project("{FAE04EC0-301F-11D3-BF4B-00C04F79EFBC}") = "Security.Tests", "tests\Security.Tests\Security.Tests.csproj", "{47091EB8-A1DC-4C78-85A4-FE154881DD80}"
EndProject
Global
	GlobalSection(SolutionConfigurationPlatforms) = preSolution
		Debug|Any CPU = Debug|Any CPU
		Debug|x64 = Debug|x64
		Debug|x86 = Debug|x86
		Release|Any CPU = Release|Any CPU
		Release|x64 = Release|x64
		Release|x86 = Release|x86
	EndGlobalSection
	GlobalSection(ProjectConfigurationPlatforms) = postSolution
		{B8C6F8A1-5D4A-4E2B-9C1F-8A3B2C9D0E1F}.Debug|Any CPU.ActiveCfg = Debug|Any CPU
		{B8C6F8A1-5D4A-4E2B-9C1F-8A3B2C9D0E1F}.Debug|Any CPU.Build.0 = Debug|Any CPU
		{B8C6F8A1-5D4A-4E2B-9C1F-8A3B2C9D0E1F}.Debug|x64.ActiveCfg = Debug|Any CPU
		{B8C6F8A1-5D4A-4E2B-9C1F-8A3B2C9D0E1F}.Debug|x64.Build.0 = Debug|Any CPU
		{B8C6F8A1-5D4A-4E2B-9C1F-8A3B2C9D0E1F}.Debug|x86.ActiveCfg = Debug|Any CPU
		{B8C6F8A1-5D4A-4E2B-9C1F-8A3B2C9D0E1F}.Debug|x86.Build.0 = Debug|Any CPU
		{B8C6F8A1-5D4A-4E2B-9C1F-8A3B2C9D0E1F}.Release|Any CPU.ActiveCfg = Release|Any CPU
		{B8C6F8A1-5D4A-4E2B-9C1F-8A3B2C9D0E1F}.Release|Any CPU.Build.0 = Release|Any CPU
		{B8C6F8A1-5D4A-4E2B-9C1F-8A3B2C9D0E1F}.Release|x64.ActiveCfg = Release|Any CPU
		{B8C6F8A1-5D4A-4E2B-9C1F-8A3B2C9D0E1F}.Release|x64.Build.0 = Release|Any CPU
		{B8C6F8A1-5D4A-4E2B-9C1F-8A3B2C9D0E1F}.Release|x86.ActiveCfg = Release|Any CPU
		{B8C6F8A1-5D4A-4E2B-9C1F-8A3B2C9D0E1F}.Release|x86.Build.0 = Release|Any CPU
		{C9D7F9B2-6E5B-5F3C-0D2A-9B4C3D0E1F2A}.Debug|Any CPU.ActiveCfg = Debug|Any CPU
		{C9D7F9B2-6E5B-5F3C-0D2A-9B4C3D0E1F2A}.Debug|Any CPU.Build.0 = Debug|Any CPU
		{C9D7F9B2-6E5B-5F3C-0D2A-9B4C3D0E1F2A}.Debug|x64.ActiveCfg = Debug|Any CPU
		{C9D7F9B2-6E5B-5F3C-0D2A-9B4C3D0E1F2A}.Debug|x64.Build.0 = Debug|Any CPU
		{C9D7F9B2-6E5B-5F3C-0D2A-9B4C3D0E1F2A}.Debug|x86.ActiveCfg = Debug|Any CPU
		{C9D7F9B2-6E5B-5F3C-0D2A-9B4C3D0E1F2A}.Debug|x86.Build.0 = Debug|Any CPU
		{C9D7F9B2-6E5B-5F3C-0D2A-9B4C3D0E1F2A}.Release|Any CPU.ActiveCfg = Release|Any CPU
		{C9D7F9B2-6E5B-5F3C-0D2A-9B4C3D0E1F2A}.Release|Any CPU.Build.0 = Release|Any CPU
		{C9D7F9B2-6E5B-5F3C-0D2A-9B4C3D0E1F2A}.Release|x64.ActiveCfg = Release|Any CPU
		{C9D7F9B2-6E5B-5F3C-0D2A-9B4C3D0E1F2A}.Release|x64.Build.0 = Release|Any CPU
		{C9D7F9B2-6E5B-5F3C-0D2A-9B4C3D0E1F2A}.Release|x86.ActiveCfg = Release|Any CPU
		{C9D7F9B2-6E5B-5F3C-0D2A-9B4C3D0E1F2A}.Release|x86.Build.0 = Release|Any CPU
		{D0E8A0C3-7F6C-6A4D-1E3B-0C5D4E1F2A3B}.Debug|Any CPU.ActiveCfg = Debug|Any CPU
		{D0E8A0C3-7F6C-6A4D-1E3B-0C5D4E1F2A3B}.Debug|Any CPU.Build.0 = Debug|Any CPU
		{D0E8A0C3-7F6C-6A4D-1E3B-0C5D4E1F2A3B}.Debug|x64.ActiveCfg = Debug|Any CPU
		{D0E8A0C3-7F6C-6A4D-1E3B-0C5D4E1F2A3B}.Debug|x64.Build.0 = Debug|Any CPU
		{D0E8A0C3-7F6C-6A4D-1E3B-0C5D4E1F2A3B}.Debug|x86.ActiveCfg = Debug|Any CPU
		{D0E8A0C3-7F6C-6A4D-1E3B-0C5D4E1F2A3B}.Debug|x86.Build.0 = Debug|Any CPU
		{D0E8A0C3-7F6C-6A4D-1E3B-0C5D4E1F2A3B}.Release|Any CPU.ActiveCfg = Release|Any CPU
		{D0E8A0C3-7F6C-6A4D-1E3B-0C5D4E1F2A3B}.Release|Any CPU.Build.0 = Release|Any CPU
		{D0E8A0C3-7F6C-6A4D-1E3B-0C5D4E1F2A3B}.Release|x64.ActiveCfg = Release|Any CPU
		{D0E8A0C3-7F6C-6A4D-1E3B-0C5D4E1F2A3B}.Release|x64.Build.0 = Release|Any CPU
		{D0E8A0C3-7F6C-6A4D-1E3B-0C5D4E1F2A3B}.Release|x86.ActiveCfg = Release|Any CPU
		{D0E8A0C3-7F6C-6A4D-1E3B-0C5D4E1F2A3B}.Release|x86.Build.0 = Release|Any CPU
		{E1F9B1D4-8A7D-7B5E-2F4C-1D6E5F2A3B4C}.Debug|Any CPU.ActiveCfg = Debug|Any CPU
		{E1F9B1D4-8A7D-7B5E-2F4C-1D6E5F2A3B4C}.Debug|Any CPU.Build.0 = Debug|Any CPU
		{E1F9B1D4-8A7D-7B5E-2F4C-1D6E5F2A3B4C}.Debug|x64.ActiveCfg = Debug|Any CPU
		{E1F9B1D4-8A7D-7B5E-2F4C-1D6E5F2A3B4C}.Debug|x64.Build.0 = Debug|Any CPU
		{E1F9B1D4-8A7D-7B5E-2F4C-1D6E5F2A3B4C}.Debug|x86.ActiveCfg = Debug|Any CPU
		{E1F9B1D4-8A7D-7B5E-2F4C-1D6E5F2A3B4C}.Debug|x86.Build.0 = Debug|Any CPU
		{E1F9B1D4-8A7D-7B5E-2F4C-1D6E5F2A3B4C}.Release|Any CPU.ActiveCfg = Release|Any CPU
		{E1F9B1D4-8A7D-7B5E-2F4C-1D6E5F2A3B4C}.Release|Any CPU.Build.0 = Release|Any CPU
		{E1F9B1D4-8A7D-7B5E-2F4C-1D6E5F2A3B4C}.Release|x64.ActiveCfg = Release|Any CPU
		{E1F9B1D4-8A7D-7B5E-2F4C-1D6E5F2A3B4C}.Release|x64.Build.0 = Release|Any CPU
		{E1F9B1D4-8A7D-7B5E-2F4C-1D6E5F2A3B4C}.Release|x86.ActiveCfg = Release|Any CPU
		{E1F9B1D4-8A7D-7B5E-2F4C-1D6E5F2A3B4C}.Release|x86.Build.0 = Release|Any CPU
		{47091EB8-A1DC-4C78-85A4-FE154881DD80}.Debug|Any CPU.ActiveCfg = Debug|Any CPU
		{47091EB8-A1DC-4C78-85A4-FE154881DD80}.Debug|Any CPU.Build.0 = Debug|Any CPU
		{47091EB8-A1DC-4C78-85A4-FE154881DD80}.Debug|x64.ActiveCfg = Debug|Any CPU
		{47091EB8-A1DC-4C78-85A4-FE154881DD80}.Debug|x64.Build.0 = Debug|Any CPU
		{47091EB8-A1DC-4C78-85A4-FE154881DD80}.Debug|x86.ActiveCfg = Debug|Any CPU
		{47091EB8-A1DC-4C78-85A4-FE154881DD80}.Debug|x86.Build.0 = Debug|Any CPU
		{47091EB8-A1DC-4C78-85A4-FE154881DD80}.Release|Any CPU.ActiveCfg = Release|Any CPU
		{47091EB8-A1DC-4C78-85A4-FE154881DD80}.Release|Any CPU.Build.0 = Release|Any CPU
		{47091EB8-A1DC-4C78-85A4-FE154881DD80}.Release|x64.ActiveCfg = Release|Any CPU
		{47091EB8-A1DC-4C78-85A4-FE154881DD80}.Release|x64.Build.0 = Release|Any CPU
		{47091EB8-A1DC-4C78-85A4-FE154881DD80}.Release|x86.ActiveCfg = Release|Any CPU
		{47091EB8-A1DC-4C78-85A4-FE154881DD80}.Release|x86.Build.0 = Release|Any CPU
	EndGlobalSection
	GlobalSection(SolutionProperties) = preSolution
		HideSolutionNode = FALSE
	EndGlobalSection
	GlobalSection(NestedProjects) = preSolution
		{47091EB8-A1DC-4C78-85A4-FE154881DD80} = {0AB3BF05-4346-4AA6-1389-037BE0695223}
	EndGlobalSection
	GlobalSection(ExtensibilityGlobals) = postSolution
		SolutionGuid = {B5C5B113-D8A4-4FDC-9115-A72BCE32D374}
	EndGlobalSection
EndGlobal
